
Microsoft Visual Studio Solution File, Format Version 12.00
# Visual Studio Version 16
VisualStudioVersion = 16.0.31321.278
MinimumVisualStudioVersion = 10.0.40219.1
Project("{FAE04EC0-301F-11D3-BF4B-00C04F79EFBC}") = "PressAgencySystem", "PressAgencySystem\PressAgencySystem.csproj", "{F936608E-83B2-4E1A-8DA1-22A22C92DF11}"
EndProject
Global
	GlobalSection(SolutionConfigurationPlatforms) = preSolution
		Debug|Any CPU = Debug|Any CPU
		Release|Any CPU = Release|Any CPU
	EndGlobalSection
	GlobalSection(ProjectConfigurationPlatforms) = postSolution
		{F936608E-83B2-4E1A-8DA1-22A22C92DF11}.Debug|Any CPU.ActiveCfg = Debug|Any CPU
		{F936608E-83B2-4E1A-8DA1-22A22C92DF11}.Debug|Any CPU.Build.0 = Debug|Any CPU
		{F936608E-83B2-4E1A-8DA1-22A22C92DF11}.Release|Any CPU.ActiveCfg = Release|Any CPU
		{F936608E-83B2-4E1A-8DA1-22A22C92DF11}.Release|Any CPU.Build.0 = Release|Any CPU
	EndGlobalSection
	GlobalSection(SolutionProperties) = preSolution
		HideSolutionNode = FALSE
	EndGlobalSection
	GlobalSection(ExtensibilityGlobals) = postSolution
		SolutionGuid = {A7614862-DA2D-4D13-A3AA-E250519CDCB7}
	EndGlobalSection
EndGlobal
